
Microsoft Visual Studio Solution File, Format Version 12.00
# Visual Studio Version 17
VisualStudioVersion = 17.8.34525.116
MinimumVisualStudioVersion = 10.0.40219.1
Project("{FAE04EC0-301F-11D3-BF4B-00C04F79EFBC}") = "PubSub.Net", "PubSub.Net\PubSub.Net.csproj", "{B05C1349-5296-4D6D-B52E-3D90364182B0}"
EndProject
Project("{FAE04EC0-301F-11D3-BF4B-00C04F79EFBC}") = "Test.PubSub.Net.WebApi", "Test.PubSub.Net.WebApi\Test.PubSub.Net.WebApi.csproj", "{9F51802A-4EB9-4C11-8AE4-E0FF0E941562}"
EndProject
Global
	GlobalSection(SolutionConfigurationPlatforms) = preSolution
		Debug|Any CPU = Debug|Any CPU
		Release|Any CPU = Release|Any CPU
	EndGlobalSection
	GlobalSection(ProjectConfigurationPlatforms) = postSolution
		{B05C1349-5296-4D6D-B52E-3D90364182B0}.Debug|Any CPU.ActiveCfg = Debug|Any CPU
		{B05C1349-5296-4D6D-B52E-3D90364182B0}.Debug|Any CPU.Build.0 = Debug|Any CPU
		{B05C1349-5296-4D6D-B52E-3D90364182B0}.Release|Any CPU.ActiveCfg = Release|Any CPU
		{B05C1349-5296-4D6D-B52E-3D90364182B0}.Release|Any CPU.Build.0 = Release|Any CPU
		{9F51802A-4EB9-4C11-8AE4-E0FF0E941562}.Debug|Any CPU.ActiveCfg = Debug|Any CPU
		{9F51802A-4EB9-4C11-8AE4-E0FF0E941562}.Debug|Any CPU.Build.0 = Debug|Any CPU
		{9F51802A-4EB9-4C11-8AE4-E0FF0E941562}.Release|Any CPU.ActiveCfg = Release|Any CPU
		{9F51802A-4EB9-4C11-8AE4-E0FF0E941562}.Release|Any CPU.Build.0 = Release|Any CPU
	EndGlobalSection
	GlobalSection(SolutionProperties) = preSolution
		HideSolutionNode = FALSE
	EndGlobalSection
	GlobalSection(ExtensibilityGlobals) = postSolution
		SolutionGuid = {5971B9F2-7A1D-4B22-AC29-A98BEC15271A}
	EndGlobalSection
EndGlobal
